
Microsoft Visual Studio Solution File, Format Version 12.00
# Visual Studio Version 17
VisualStudioVersion = 17.6.33723.286
MinimumVisualStudioVersion = 10.0.40219.1
Project("{FAE04EC0-301F-11D3-BF4B-00C04F79EFBC}") = "Ellipsoid", "Ellipsoid\Ellipsoid.csproj", "{2AEBAAE5-B42C-468D-B6B5-405A57590C17}"
EndProject
Global
	GlobalSection(SolutionConfigurationPlatforms) = preSolution
		Debug|Any CPU = Debug|Any CPU
		Release|Any CPU = Release|Any CPU
	EndGlobalSection
	GlobalSection(ProjectConfigurationPlatforms) = postSolution
		{2AEBAAE5-B42C-468D-B6B5-405A57590C17}.Debug|Any CPU.ActiveCfg = Debug|Any CPU
		{2AEBAAE5-B42C-468D-B6B5-405A57590C17}.Debug|Any CPU.Build.0 = Debug|Any CPU
		{2AEBAAE5-B42C-468D-B6B5-405A57590C17}.Release|Any CPU.ActiveCfg = Release|Any CPU
		{2AEBAAE5-B42C-468D-B6B5-405A57590C17}.Release|Any CPU.Build.0 = Release|Any CPU
	EndGlobalSection
	GlobalSection(SolutionProperties) = preSolution
		HideSolutionNode = FALSE
	EndGlobalSection
	GlobalSection(ExtensibilityGlobals) = postSolution
		SolutionGuid = {3D5BC1E8-EFAB-45D6-AC17-EB00F3296C75}
	EndGlobalSection
EndGlobal
